
Microsoft Visual Studio Solution File, Format Version 12.00
# Visual Studio Version 17
VisualStudioVersion = 17.2.32526.322
MinimumVisualStudioVersion = 10.0.40219.1
Project("{FAE04EC0-301F-11D3-BF4B-00C04F79EFBC}") = "WritingIdeas", "WritingIdeas\WritingIdeas.csproj", "{3FC682E4-C60A-4257-8847-42FFF6C0BE19}"
EndProject
Global
	GlobalSection(SolutionConfigurationPlatforms) = preSolution
		Debug|Any CPU = Debug|Any CPU
		Release|Any CPU = Release|Any CPU
	EndGlobalSection
	GlobalSection(ProjectConfigurationPlatforms) = postSolution
		{3FC682E4-C60A-4257-8847-42FFF6C0BE19}.Debug|Any CPU.ActiveCfg = Debug|Any CPU
		{3FC682E4-C60A-4257-8847-42FFF6C0BE19}.Debug|Any CPU.Build.0 = Debug|Any CPU
		{3FC682E4-C60A-4257-8847-42FFF6C0BE19}.Release|Any CPU.ActiveCfg = Release|Any CPU
		{3FC682E4-C60A-4257-8847-42FFF6C0BE19}.Release|Any CPU.Build.0 = Release|Any CPU
	EndGlobalSection
	GlobalSection(SolutionProperties) = preSolution
		HideSolutionNode = FALSE
	EndGlobalSection
	GlobalSection(ExtensibilityGlobals) = postSolution
		SolutionGuid = {BFC7E7B3-DBFA-4B28-BE20-D6FA45A6D157}
	EndGlobalSection
EndGlobal
